{
  "name": "hyujikoh.gitbook.io",
  "lockfileVersion": 3,
  "requires": true,
  "packages": {
    "": {
      "dependencies": {
        "gitbook-plugin-ga": "^2.0.0",
        "gitbook-plugin-gtm": "^0.0.6",
        "gitbook-plugin-meta-single": "^0.1.13",
        "gitbook-plugin-search": "^2.2.1",
        "gitbook-plugin-sitemap": "^1.2.0"
      }
    },
    "node_modules/gitbook-plugin-ga": {
      "version": "2.0.0",
      "resolved": "https://registry.npmjs.org/gitbook-plugin-ga/-/gitbook-plugin-ga-2.0.0.tgz",
      "integrity": "sha512-/hWaHEPoFsxwwVs8NLU8fSc9WWwMBiThs43QX5J/KSCeNkP+CDUYenfTNwDOXEXGwQXyDKn6g/Adz3yzR55rfw==",
      "engines": {
        "gitbook": ">=4.0.0-alpha.0"
      }
    },
    "node_modules/gitbook-plugin-gtm": {
      "version": "0.0.6",
      "resolved": "https://registry.npmjs.org/gitbook-plugin-gtm/-/gitbook-plugin-gtm-0.0.6.tgz",
      "integrity": "sha512-w+m5lm7n6teCb6gZN7rtviupp5RVJSdeC31xOLfr/jW/QuN0MELFutv6mC9jTJlt7rfj+B9ldtucyoPYBQKKpQ==",
      "engines": {
        "gitbook": ">=3.0.0-pre.0"
      }
    },
    "node_modules/gitbook-plugin-meta-single": {
      "version": "0.1.13",
      "resolved": "https://registry.npmjs.org/gitbook-plugin-meta-single/-/gitbook-plugin-meta-single-0.1.13.tgz",
      "integrity": "sha512-sF1W9yl9RgrDQfRSWuvz0uiUEdcgmibHDI2LNuzpLyWiBqcJCUpi10JSUsM6LeZroqvMwZYKz2XqeX2ZiPMt7g==",
      "license": "GPL-3.0",
      "engines": {
        "gitbook": "*"
      }
    },
    "node_modules/gitbook-plugin-search": {
      "version": "2.2.1",
      "resolved": "https://registry.npmjs.org/gitbook-plugin-search/-/gitbook-plugin-search-2.2.1.tgz",
      "integrity": "sha512-oP9jhaKFUVPo756G9ywuuI43YdkZClSjfpFzNKe/a/Rcn3oVsrAM/PjdQ+dt65KfZVo3iW1LY4WdiZnNqzRP8g==",
      "engines": {
        "gitbook": ">=3.0.0-pre.0"
      }
    },
    "node_modules/gitbook-plugin-sitemap": {
      "version": "1.2.0",
      "resolved": "https://registry.npmjs.org/gitbook-plugin-sitemap/-/gitbook-plugin-sitemap-1.2.0.tgz",
      "integrity": "sha512-PSJ2BuuNot5CczwzjSCIyRRtom87nPXuD4pEtuVUEg10D8ZBpT3r9+/el6XRzwf8gyC4Sf3QKqreD/ia/G5V4g==",
      "dependencies": {
        "sitemap": "1.5.0"
      },
      "engines": {
        "gitbook": ">=3.0.0-pre.0"
      }
    },
    "node_modules/sitemap": {
      "version": "1.5.0",
      "resolved": "https://registry.npmjs.org/sitemap/-/sitemap-1.5.0.tgz",
      "integrity": "sha512-AGevBYvwFaoBsZoWClv8qlaA3lpoPCUnNh2zxIHl3coZXXD5U2+GKtkMBS3pXvl5NXvzN4R0392gN4YrIpSUmQ==",
      "dependencies": {
        "underscore": "^1.7.0",
        "url-join": "^0.0.1"
      }
    },
    "node_modules/underscore": {
      "version": "1.13.6",
      "resolved": "https://registry.npmjs.org/underscore/-/underscore-1.13.6.tgz",
      "integrity": "sha512-+A5Sja4HP1M08MaXya7p5LvjuM7K6q/2EaC0+iovj/wOcMsTzMvDFbasi/oSapiwOlt252IqsKqPjCl7huKS0A=="
    },
    "node_modules/url-join": {
      "version": "0.0.1",
      "resolved": "https://registry.npmjs.org/url-join/-/url-join-0.0.1.tgz",
      "integrity": "sha512-H6dnQ/yPAAVzMQRvEvyz01hhfQL5qRWSEt7BX8t9DqnPw9BjMb64fjIRq76Uvf1hkHp+mTZvEVJ5guXOT0Xqaw=="
    }
  }
}
